
Microsoft Visual Studio Solution File, Format Version 12.00
# Visual Studio Version 16
VisualStudioVersion = 16.0.29613.14
MinimumVisualStudioVersion = 10.0.40219.1
Project("{FAE04EC0-301F-11D3-BF4B-00C04F79EFBC}") = "VenueBookings", "VenueBookings\VenueBookings.csproj", "{7A63736B-FFDA-4513-9FCB-8A7720B26AE8}"
EndProject
Global
	GlobalSection(SolutionConfigurationPlatforms) = preSolution
		Debug|Any CPU = Debug|Any CPU
		Release|Any CPU = Release|Any CPU
	EndGlobalSection
	GlobalSection(ProjectConfigurationPlatforms) = postSolution
		{7A63736B-FFDA-4513-9FCB-8A7720B26AE8}.Debug|Any CPU.ActiveCfg = Debug|Any CPU
		{7A63736B-FFDA-4513-9FCB-8A7720B26AE8}.Debug|Any CPU.Build.0 = Debug|Any CPU
		{7A63736B-FFDA-4513-9FCB-8A7720B26AE8}.Release|Any CPU.ActiveCfg = Release|Any CPU
		{7A63736B-FFDA-4513-9FCB-8A7720B26AE8}.Release|Any CPU.Build.0 = Release|Any CPU
	EndGlobalSection
	GlobalSection(SolutionProperties) = preSolution
		HideSolutionNode = FALSE
	EndGlobalSection
	GlobalSection(ExtensibilityGlobals) = postSolution
		SolutionGuid = {71A8BF62-91F7-4E43-BD58-64FD182654EB}
	EndGlobalSection
EndGlobal
